
Microsoft Visual Studio Solution File, Format Version 12.00
Project("{FAE04EC0-301F-11D3-BF4B-00C04F79EFBC}") = "BookReviewManagement.Blazor", "BookReviewManagement.Blazor\BookReviewManagement.Blazor.csproj", "{DD8A560B-D3DE-45CF-83BF-FE964A4CEE4A}"
EndProject
Project("{FAE04EC0-301F-11D3-BF4B-00C04F79EFBC}") = "BookReviewManagement.Domain", "BookReviewManagement.Domain\BookReviewManagement.Domain.csproj", "{B03F4BBE-9061-4C49-A814-361166528E9C}"
EndProject
Project("{FAE04EC0-301F-11D3-BF4B-00C04F79EFBC}") = "BookReviewManagement.Application", "BookReviewManagement.Application\BookReviewManagement.Application.csproj", "{48F26DF2-2C7A-41B2-8556-10403907B192}"
EndProject
Project("{FAE04EC0-301F-11D3-BF4B-00C04F79EFBC}") = "BookReviewManagement.Infrastructure", "BookReviewManagement.Infrastructure\BookReviewManagement.Infrastructure.csproj", "{2AEB40E2-EC94-4C3F-BF62-26E1441726A3}"
EndProject
Global
	GlobalSection(SolutionConfigurationPlatforms) = preSolution
		Debug|Any CPU = Debug|Any CPU
		Release|Any CPU = Release|Any CPU
	EndGlobalSection
	GlobalSection(ProjectConfigurationPlatforms) = postSolution
		{DD8A560B-D3DE-45CF-83BF-FE964A4CEE4A}.Debug|Any CPU.ActiveCfg = Debug|Any CPU
		{DD8A560B-D3DE-45CF-83BF-FE964A4CEE4A}.Debug|Any CPU.Build.0 = Debug|Any CPU
		{DD8A560B-D3DE-45CF-83BF-FE964A4CEE4A}.Release|Any CPU.ActiveCfg = Release|Any CPU
		{DD8A560B-D3DE-45CF-83BF-FE964A4CEE4A}.Release|Any CPU.Build.0 = Release|Any CPU
		{B03F4BBE-9061-4C49-A814-361166528E9C}.Debug|Any CPU.ActiveCfg = Debug|Any CPU
		{B03F4BBE-9061-4C49-A814-361166528E9C}.Debug|Any CPU.Build.0 = Debug|Any CPU
		{B03F4BBE-9061-4C49-A814-361166528E9C}.Release|Any CPU.ActiveCfg = Release|Any CPU
		{B03F4BBE-9061-4C49-A814-361166528E9C}.Release|Any CPU.Build.0 = Release|Any CPU
		{48F26DF2-2C7A-41B2-8556-10403907B192}.Debug|Any CPU.ActiveCfg = Debug|Any CPU
		{48F26DF2-2C7A-41B2-8556-10403907B192}.Debug|Any CPU.Build.0 = Debug|Any CPU
		{48F26DF2-2C7A-41B2-8556-10403907B192}.Release|Any CPU.ActiveCfg = Release|Any CPU
		{48F26DF2-2C7A-41B2-8556-10403907B192}.Release|Any CPU.Build.0 = Release|Any CPU
		{2AEB40E2-EC94-4C3F-BF62-26E1441726A3}.Debug|Any CPU.ActiveCfg = Debug|Any CPU
		{2AEB40E2-EC94-4C3F-BF62-26E1441726A3}.Debug|Any CPU.Build.0 = Debug|Any CPU
		{2AEB40E2-EC94-4C3F-BF62-26E1441726A3}.Release|Any CPU.ActiveCfg = Release|Any CPU
		{2AEB40E2-EC94-4C3F-BF62-26E1441726A3}.Release|Any CPU.Build.0 = Release|Any CPU
	EndGlobalSection
EndGlobal
